{
  "name": "api",
  "lockfileVersion": 3,
  "requires": true,
  "packages": {
    "": {
      "dependencies": {
        "compile-run": "^2.3.4"
      }
    },
    "node_modules/compile-run": {
      "version": "2.3.4",
      "resolved": "https://registry.npmjs.org/compile-run/-/compile-run-2.3.4.tgz",
      "integrity": "sha512-O0veikr1Lkbq6uBpow7qDi2v/37GJKYghwJzpp5zfU4uVcgVcU0jz6mzCQeux1HCqknHNijEnJ7+yRJ0b/UcQA=="
    }
  }
}
